
Microsoft Visual Studio Solution File, Format Version 12.00
# Visual Studio Version 16
VisualStudioVersion = 16.0.32228.343
MinimumVisualStudioVersion = 10.0.40219.1
Project("{FAE04EC0-301F-11D3-BF4B-00C04F79EFBC}") = "Geometry", "Geometry\Geometry.csproj", "{B39E0297-759D-492D-B53C-A8AC27F1A410}"
EndProject
Global
	GlobalSection(SolutionConfigurationPlatforms) = preSolution
		Debug|Any CPU = Debug|Any CPU
		Release|Any CPU = Release|Any CPU
	EndGlobalSection
	GlobalSection(ProjectConfigurationPlatforms) = postSolution
		{B39E0297-759D-492D-B53C-A8AC27F1A410}.Debug|Any CPU.ActiveCfg = Debug|Any CPU
		{B39E0297-759D-492D-B53C-A8AC27F1A410}.Debug|Any CPU.Build.0 = Debug|Any CPU
		{B39E0297-759D-492D-B53C-A8AC27F1A410}.Release|Any CPU.ActiveCfg = Release|Any CPU
		{B39E0297-759D-492D-B53C-A8AC27F1A410}.Release|Any CPU.Build.0 = Release|Any CPU
	EndGlobalSection
	GlobalSection(SolutionProperties) = preSolution
		HideSolutionNode = FALSE
	EndGlobalSection
	GlobalSection(ExtensibilityGlobals) = postSolution
		SolutionGuid = {7531AEC5-4B07-4780-9FF8-1F4571AE2094}
	EndGlobalSection
EndGlobal
